{
  "name": "agentstack",
  "version": "0.1.0",
  "lockfileVersion": 3,
  "requires": true,
  "packages": {
    "": {
      "name": "agentstack",
      "version": "0.1.0",
      "license": "MIT",
      "bin": {
        "agentstack": "bin/agentstack.js",
        "stack": "bin/agentstack.js"
      },
      "engines": {
        "node": ">=22"
      }
    }
  }
}
